# Code generated by scarb DO NOT EDIT.
version = 1

[[package]]
name = "garaga"
version = "0.1.0"
source = "git+https://github.com/keep-starknet-strange/garaga.git?tag=v0.13.2.3#3781978612fdc2f9cb389070751f1abdae8e99a0"

[[package]]
name = "worldcoin_groth16_verifier"
version = "0.1.0"
dependencies = [
 "garaga",
]
