# Code generated by scarb DO NOT EDIT.
version = 1

[[package]]
name = "bn"
version = "0.1.0"
source = "git+https://github.com/shramee/cairo_bn.git?branch=main#aa771c297638098ee38a6bdd4212241a6ef03a84"

[[package]]
name = "snforge_std"
version = "0.22.0"
source = "git+https://github.com/foundry-rs/starknet-foundry?tag=v0.22.0#9b215944c6c5871c738381b4ded61bbf06e7ba35"

[[package]]
name = "verifier"
version = "0.1.0"
dependencies = [
 "bn",
 "snforge_std",
]
