# Code generated by scarb DO NOT EDIT.
version = 1

[[package]]
name = "garaga"
version = "0.1.0"
source = "git+https://github.com/keep-starknet-strange/garaga.git?tag=v0.13.3#c80fb9bd79cdc497ef34faa6e2a620fb678e7dac"

[[package]]
name = "snforge_scarb_plugin"
version = "0.1.0"
source = "git+https://github.com/foundry-rs/starknet-foundry?tag=v0.30.0#196f06b251926697c3d66800f2a93ae595e76496"

[[package]]
name = "snforge_std"
version = "0.30.0"
source = "git+https://github.com/foundry-rs/starknet-foundry?tag=v0.30.0#196f06b251926697c3d66800f2a93ae595e76496"
dependencies = [
 "snforge_scarb_plugin",
]

[[package]]
name = "world_id_state_bridge"
version = "0.1.0"
dependencies = [
 "garaga",
 "snforge_std",
]
